
Microsoft Visual Studio Solution File, Format Version 12.00
# Visual Studio Version 17
VisualStudioVersion = 17.9.34723.18
MinimumVisualStudioVersion = 10.0.40219.1
Project("{FAE04EC0-301F-11D3-BF4B-00C04F79EFBC}") = "QrCodeMenuTest", "QrCodeMenuTest.csproj", "{DEAA08B9-6FF3-41ED-86CB-F6ED135CF6E1}"
EndProject
Global
	GlobalSection(SolutionConfigurationPlatforms) = preSolution
		Debug|Any CPU = Debug|Any CPU
		Release|Any CPU = Release|Any CPU
	EndGlobalSection
	GlobalSection(ProjectConfigurationPlatforms) = postSolution
		{DEAA08B9-6FF3-41ED-86CB-F6ED135CF6E1}.Debug|Any CPU.ActiveCfg = Debug|Any CPU
		{DEAA08B9-6FF3-41ED-86CB-F6ED135CF6E1}.Debug|Any CPU.Build.0 = Debug|Any CPU
		{DEAA08B9-6FF3-41ED-86CB-F6ED135CF6E1}.Release|Any CPU.ActiveCfg = Release|Any CPU
		{DEAA08B9-6FF3-41ED-86CB-F6ED135CF6E1}.Release|Any CPU.Build.0 = Release|Any CPU
	EndGlobalSection
	GlobalSection(SolutionProperties) = preSolution
		HideSolutionNode = FALSE
	EndGlobalSection
	GlobalSection(ExtensibilityGlobals) = postSolution
		SolutionGuid = {D3A4C736-95F4-4CA0-92EE-8E528DB71EB9}
	EndGlobalSection
EndGlobal
